// !$*UTF8*$!
{
	archiveVersion = 1;
	classes = {
	};
	objectVersion = 46;
	objects = {

/* Begin PBXBuildFile section */
		5FC732D51BFFA0C000AA134C /* main.m in Sources */ = {isa = PBXBuildFile; fileRef = 5FC732D41BFFA0C000AA134C /* main.m */; };
		5FC732D81BFFA0C000AA134C /* AppDelegate.m in Sources */ = {isa = PBXBuildFile; fileRef = 5FC732D71BFFA0C000AA134C /* AppDelegate.m */; };
		5FC732DB1BFFA0C000AA134C /* MasterViewController.m in Sources */ = {isa = PBXBuildFile; fileRef = 5FC732DA1BFFA0C000AA134C /* MasterViewController.m */; };
		5FC732DE1BFFA0C000AA134C /* DetailViewController.m in Sources */ = {isa = PBXBuildFile; fileRef = 5FC732DD1BFFA0C000AA134C /* DetailViewController.m */; };
		5FC732E11BFFA0C000AA134C /* Main.storyboard in Resources */ = {isa = PBXBuildFile; fileRef = 5FC732DF1BFFA0C000AA134C /* Main.storyboard */; };
		5FC732E31BFFA0C000AA134C /* Assets.xcassets in Resources */ = {isa = PBXBuildFile; fileRef = 5FC732E21BFFA0C000AA134C /* Assets.xcassets */; };
		5FC732E61BFFA0C000AA134C /* LaunchScreen.storyboard in Resources */ = {isa = PBXBuildFile; fileRef = 5FC732E41BFFA0C000AA134C /* LaunchScreen.storyboard */; };
		5FC732F11BFFA0C000AA134C /* ALTableViewFrameworkExamplesTests.m in Sources */ = {isa = PBXBuildFile; fileRef = 5FC732F01BFFA0C000AA134C /* ALTableViewFrameworkExamplesTests.m */; };
		5FC732FC1BFFA0C100AA134C /* ALTableViewFrameworkExamplesUITests.m in Sources */ = {isa = PBXBuildFile; fileRef = 5FC732FB1BFFA0C100AA134C /* ALTableViewFrameworkExamplesUITests.m */; };
		5FFE153C1C007F730097AE97 /* ALTableViewController.m in Sources */ = {isa = PBXBuildFile; fileRef = 5FFE152F1C007F730097AE97 /* ALTableViewController.m */; };
		5FFE153D1C007F730097AE97 /* ALTableViewController.xib in Resources */ = {isa = PBXBuildFile; fileRef = 5FFE15301C007F730097AE97 /* ALTableViewController.xib */; };
		5FFE153E1C007F730097AE97 /* RowElement.m in Sources */ = {isa = PBXBuildFile; fileRef = 5FFE15331C007F730097AE97 /* RowElement.m */; };
		5FFE153F1C007F730097AE97 /* SectionElement.m in Sources */ = {isa = PBXBuildFile; fileRef = 5FFE15351C007F730097AE97 /* SectionElement.m */; };
		5FFE15401C007F730097AE97 /* SectionManager.m in Sources */ = {isa = PBXBuildFile; fileRef = 5FFE15371C007F730097AE97 /* SectionManager.m */; };
		5FFE15411C007F730097AE97 /* ExtendNSLogFunctionality.m in Sources */ = {isa = PBXBuildFile; fileRef = 5FFE153B1C007F730097AE97 /* ExtendNSLogFunctionality.m */; };
		5FFE15461C0081030097AE97 /* Example2ViewController.m in Sources */ = {isa = PBXBuildFile; fileRef = 5FFE15441C0081030097AE97 /* Example2ViewController.m */; };
		5FFE15471C0081030097AE97 /* Example2ViewController.xib in Resources */ = {isa = PBXBuildFile; fileRef = 5FFE15451C0081030097AE97 /* Example2ViewController.xib */; };
		5FFE154B1C0081ED0097AE97 /* Example2Cell1.m in Sources */ = {isa = PBXBuildFile; fileRef = 5FFE15491C0081ED0097AE97 /* Example2Cell1.m */; };
		5FFE154C1C0081ED0097AE97 /* Example2Cell1.xib in Resources */ = {isa = PBXBuildFile; fileRef = 5FFE154A1C0081ED0097AE97 /* Example2Cell1.xib */; };
		ED375A931BFFC3B30080D158 /* MasterTableViewCell.m in Sources */ = {isa = PBXBuildFile; fileRef = ED375A911BFFC3B30080D158 /* MasterTableViewCell.m */; };
		ED375A941BFFC3B30080D158 /* MasterTableViewCell.xib in Resources */ = {isa = PBXBuildFile; fileRef = ED375A921BFFC3B30080D158 /* MasterTableViewCell.xib */; };
		ED375A971BFFC5050080D158 /* MasterExample1TableViewCell.m in Sources */ = {isa = PBXBuildFile; fileRef = ED375A961BFFC5050080D158 /* MasterExample1TableViewCell.m */; };
		ED375A9A1BFFC5130080D158 /* MasterExample2TableViewCell.m in Sources */ = {isa = PBXBuildFile; fileRef = ED375A991BFFC5130080D158 /* MasterExample2TableViewCell.m */; };
		ED375AA61BFFCD3D0080D158 /* Example1ViewController.m in Sources */ = {isa = PBXBuildFile; fileRef = ED375AA41BFFCD3D0080D158 /* Example1ViewController.m */; };
		ED375AA71BFFCD3D0080D158 /* Example1ViewController.xib in Resources */ = {isa = PBXBuildFile; fileRef = ED375AA51BFFCD3D0080D158 /* Example1ViewController.xib */; };
		ED375AAB1BFFCDF40080D158 /* Example1Cell1.m in Sources */ = {isa = PBXBuildFile; fileRef = ED375AA91BFFCDF40080D158 /* Example1Cell1.m */; };
		ED375AAC1BFFCDF40080D158 /* Example1Cell1.xib in Resources */ = {isa = PBXBuildFile; fileRef = ED375AAA1BFFCDF40080D158 /* Example1Cell1.xib */; };
		ED375AB01BFFCE030080D158 /* Example1Cell2.m in Sources */ = {isa = PBXBuildFile; fileRef = ED375AAE1BFFCE030080D158 /* Example1Cell2.m */; };
		ED375AB11BFFCE030080D158 /* Example1Cell2.xib in Resources */ = {isa = PBXBuildFile; fileRef = ED375AAF1BFFCE030080D158 /* Example1Cell2.xib */; };
/* End PBXBuildFile section */

/* Begin PBXContainerItemProxy section */
		5FC732ED1BFFA0C000AA134C /* PBXContainerItemProxy */ = {
			isa = PBXContainerItemProxy;
			containerPortal = 5FC732C81BFFA0C000AA134C /* Project object */;
			proxyType = 1;
			remoteGlobalIDString = 5FC732CF1BFFA0C000AA134C;
			remoteInfo = ALTableViewFrameworkExamples;
		};
		5FC732F81BFFA0C100AA134C /* PBXContainerItemProxy */ = {
			isa = PBXContainerItemProxy;
			containerPortal = 5FC732C81BFFA0C000AA134C /* Project object */;
			proxyType = 1;
			remoteGlobalIDString = 5FC732CF1BFFA0C000AA134C;
			remoteInfo = ALTableViewFrameworkExamples;
		};
/* End PBXContainerItemProxy section */

/* Begin PBXCopyFilesBuildPhase section */
		5FC733451BFFAAE700AA134C /* Embed Frameworks */ = {
			isa = PBXCopyFilesBuildPhase;
			buildActionMask = 2147483647;
			dstPath = "";
			dstSubfolderSpec = 10;
			files = (
			);
			name = "Embed Frameworks";
			runOnlyForDeploymentPostprocessing = 0;
		};
/* End PBXCopyFilesBuildPhase section */

/* Begin PBXFileReference section */
		5FC732D01BFFA0C000AA134C /* ALTableViewFrameworkExamples.app */ = {isa = PBXFileReference; explicitFileType = wrapper.application; includeInIndex = 0; path = ALTableViewFrameworkExamples.app; sourceTree = BUILT_PRODUCTS_DIR; };
		5FC732D41BFFA0C000AA134C /* main.m */ = {isa = PBXFileReference; lastKnownFileType = sourcecode.c.objc; path = main.m; sourceTree = "<group>"; };
		5FC732D61BFFA0C000AA134C /* AppDelegate.h */ = {isa = PBXFileReference; lastKnownFileType = sourcecode.c.h; path = AppDelegate.h; sourceTree = "<group>"; };
		5FC732D71BFFA0C000AA134C /* AppDelegate.m */ = {isa = PBXFileReference; lastKnownFileType = sourcecode.c.objc; path = AppDelegate.m; sourceTree = "<group>"; };
		5FC732D91BFFA0C000AA134C /* MasterViewController.h */ = {isa = PBXFileReference; lastKnownFileType = sourcecode.c.h; path = MasterViewController.h; sourceTree = "<group>"; };
		5FC732DA1BFFA0C000AA134C /* MasterViewController.m */ = {isa = PBXFileReference; lastKnownFileType = sourcecode.c.objc; path = MasterViewController.m; sourceTree = "<group>"; };
		5FC732DC1BFFA0C000AA134C /* DetailViewController.h */ = {isa = PBXFileReference; lastKnownFileType = sourcecode.c.h; path = DetailViewController.h; sourceTree = "<group>"; };
		5FC732DD1BFFA0C000AA134C /* DetailViewController.m */ = {isa = PBXFileReference; lastKnownFileType = sourcecode.c.objc; path = DetailViewController.m; sourceTree = "<group>"; };
		5FC732E01BFFA0C000AA134C /* Base */ = {isa = PBXFileReference; lastKnownFileType = file.storyboard; name = Base; path = Base.lproj/Main.storyboard; sourceTree = "<group>"; };
		5FC732E21BFFA0C000AA134C /* Assets.xcassets */ = {isa = PBXFileReference; lastKnownFileType = folder.assetcatalog; path = Assets.xcassets; sourceTree = "<group>"; };
		5FC732E51BFFA0C000AA134C /* Base */ = {isa = PBXFileReference; lastKnownFileType = file.storyboard; name = Base; path = Base.lproj/LaunchScreen.storyboard; sourceTree = "<group>"; };
		5FC732E71BFFA0C000AA134C /* Info.plist */ = {isa = PBXFileReference; lastKnownFileType = text.plist.xml; path = Info.plist; sourceTree = "<group>"; };
		5FC732EC1BFFA0C000AA134C /* ALTableViewFrameworkExamplesTests.xctest */ = {isa = PBXFileReference; explicitFileType = wrapper.cfbundle; includeInIndex = 0; path = ALTableViewFrameworkExamplesTests.xctest; sourceTree = BUILT_PRODUCTS_DIR; };
		5FC732F01BFFA0C000AA134C /* ALTableViewFrameworkExamplesTests.m */ = {isa = PBXFileReference; lastKnownFileType = sourcecode.c.objc; path = ALTableViewFrameworkExamplesTests.m; sourceTree = "<group>"; };
		5FC732F21BFFA0C000AA134C /* Info.plist */ = {isa = PBXFileReference; lastKnownFileType = text.plist.xml; path = Info.plist; sourceTree = "<group>"; };
		5FC732F71BFFA0C000AA134C /* ALTableViewFrameworkExamplesUITests.xctest */ = {isa = PBXFileReference; explicitFileType = wrapper.cfbundle; includeInIndex = 0; path = ALTableViewFrameworkExamplesUITests.xctest; sourceTree = BUILT_PRODUCTS_DIR; };
		5FC732FB1BFFA0C100AA134C /* ALTableViewFrameworkExamplesUITests.m */ = {isa = PBXFileReference; lastKnownFileType = sourcecode.c.objc; path = ALTableViewFrameworkExamplesUITests.m; sourceTree = "<group>"; };
		5FC732FD1BFFA0C100AA134C /* Info.plist */ = {isa = PBXFileReference; lastKnownFileType = text.plist.xml; path = Info.plist; sourceTree = "<group>"; };
		5FFE152E1C007F730097AE97 /* ALTableViewController.h */ = {isa = PBXFileReference; fileEncoding = 4; lastKnownFileType = sourcecode.c.h; path = ALTableViewController.h; sourceTree = "<group>"; };
		5FFE152F1C007F730097AE97 /* ALTableViewController.m */ = {isa = PBXFileReference; fileEncoding = 4; lastKnownFileType = sourcecode.c.objc; path = ALTableViewController.m; sourceTree = "<group>"; };
		5FFE15301C007F730097AE97 /* ALTableViewController.xib */ = {isa = PBXFileReference; fileEncoding = 4; lastKnownFileType = file.xib; path = ALTableViewController.xib; sourceTree = "<group>"; };
		5FFE15321C007F730097AE97 /* RowElement.h */ = {isa = PBXFileReference; fileEncoding = 4; lastKnownFileType = sourcecode.c.h; path = RowElement.h; sourceTree = "<group>"; };
		5FFE15331C007F730097AE97 /* RowElement.m */ = {isa = PBXFileReference; fileEncoding = 4; lastKnownFileType = sourcecode.c.objc; path = RowElement.m; sourceTree = "<group>"; };
		5FFE15341C007F730097AE97 /* SectionElement.h */ = {isa = PBXFileReference; fileEncoding = 4; lastKnownFileType = sourcecode.c.h; path = SectionElement.h; sourceTree = "<group>"; };
		5FFE15351C007F730097AE97 /* SectionElement.m */ = {isa = PBXFileReference; fileEncoding = 4; lastKnownFileType = sourcecode.c.objc; path = SectionElement.m; sourceTree = "<group>"; };
		5FFE15361C007F730097AE97 /* SectionManager.h */ = {isa = PBXFileReference; fileEncoding = 4; lastKnownFileType = sourcecode.c.h; path = SectionManager.h; sourceTree = "<group>"; };
		5FFE15371C007F730097AE97 /* SectionManager.m */ = {isa = PBXFileReference; fileEncoding = 4; lastKnownFileType = sourcecode.c.objc; path = SectionManager.m; sourceTree = "<group>"; };
		5FFE15391C007F730097AE97 /* ALTableViewConstants.h */ = {isa = PBXFileReference; fileEncoding = 4; lastKnownFileType = sourcecode.c.h; path = ALTableViewConstants.h; sourceTree = "<group>"; };
		5FFE153A1C007F730097AE97 /* ExtendNSLogFunctionality.h */ = {isa = PBXFileReference; fileEncoding = 4; lastKnownFileType = sourcecode.c.h; path = ExtendNSLogFunctionality.h; sourceTree = "<group>"; };
		5FFE153B1C007F730097AE97 /* ExtendNSLogFunctionality.m */ = {isa = PBXFileReference; fileEncoding = 4; lastKnownFileType = sourcecode.c.objc; path = ExtendNSLogFunctionality.m; sourceTree = "<group>"; };
		5FFE15431C0081030097AE97 /* Example2ViewController.h */ = {isa = PBXFileReference; fileEncoding = 4; lastKnownFileType = sourcecode.c.h; path = Example2ViewController.h; sourceTree = "<group>"; };
		5FFE15441C0081030097AE97 /* Example2ViewController.m */ = {isa = PBXFileReference; fileEncoding = 4; lastKnownFileType = sourcecode.c.objc; path = Example2ViewController.m; sourceTree = "<group>"; };
		5FFE15451C0081030097AE97 /* Example2ViewController.xib */ = {isa = PBXFileReference; fileEncoding = 4; lastKnownFileType = file.xib; path = Example2ViewController.xib; sourceTree = "<group>"; };
		5FFE15481C0081ED0097AE97 /* Example2Cell1.h */ = {isa = PBXFileReference; fileEncoding = 4; lastKnownFileType = sourcecode.c.h; path = Example2Cell1.h; sourceTree = "<group>"; };
		5FFE15491C0081ED0097AE97 /* Example2Cell1.m */ = {isa = PBXFileReference; fileEncoding = 4; lastKnownFileType = sourcecode.c.objc; path = Example2Cell1.m; sourceTree = "<group>"; };
		5FFE154A1C0081ED0097AE97 /* Example2Cell1.xib */ = {isa = PBXFileReference; fileEncoding = 4; lastKnownFileType = file.xib; path = Example2Cell1.xib; sourceTree = "<group>"; };
		ED375A8D1BFFC2170080D158 /* ExamplePrefixHeader.pch */ = {isa = PBXFileReference; lastKnownFileType = sourcecode.c.h; path = ExamplePrefixHeader.pch; sourceTree = "<group>"; };
		ED375A901BFFC3B30080D158 /* MasterTableViewCell.h */ = {isa = PBXFileReference; fileEncoding = 4; lastKnownFileType = sourcecode.c.h; path = MasterTableViewCell.h; sourceTree = "<group>"; };
		ED375A911BFFC3B30080D158 /* MasterTableViewCell.m */ = {isa = PBXFileReference; fileEncoding = 4; lastKnownFileType = sourcecode.c.objc; path = MasterTableViewCell.m; sourceTree = "<group>"; };
		ED375A921BFFC3B30080D158 /* MasterTableViewCell.xib */ = {isa = PBXFileReference; fileEncoding = 4; lastKnownFileType = file.xib; path = MasterTableViewCell.xib; sourceTree = "<group>"; };
		ED375A951BFFC5050080D158 /* MasterExample1TableViewCell.h */ = {isa = PBXFileReference; fileEncoding = 4; lastKnownFileType = sourcecode.c.h; path = MasterExample1TableViewCell.h; sourceTree = "<group>"; };
		ED375A961BFFC5050080D158 /* MasterExample1TableViewCell.m */ = {isa = PBXFileReference; fileEncoding = 4; lastKnownFileType = sourcecode.c.objc; path = MasterExample1TableViewCell.m; sourceTree = "<group>"; };
		ED375A981BFFC5130080D158 /* MasterExample2TableViewCell.h */ = {isa = PBXFileReference; fileEncoding = 4; lastKnownFileType = sourcecode.c.h; path = MasterExample2TableViewCell.h; sourceTree = "<group>"; };
		ED375A991BFFC5130080D158 /* MasterExample2TableViewCell.m */ = {isa = PBXFileReference; fileEncoding = 4; lastKnownFileType = sourcecode.c.objc; path = MasterExample2TableViewCell.m; sourceTree = "<group>"; };
		ED375AA31BFFCD3D0080D158 /* Example1ViewController.h */ = {isa = PBXFileReference; fileEncoding = 4; lastKnownFileType = sourcecode.c.h; path = Example1ViewController.h; sourceTree = "<group>"; };
		ED375AA41BFFCD3D0080D158 /* Example1ViewController.m */ = {isa = PBXFileReference; fileEncoding = 4; lastKnownFileType = sourcecode.c.objc; path = Example1ViewController.m; sourceTree = "<group>"; };
		ED375AA51BFFCD3D0080D158 /* Example1ViewController.xib */ = {isa = PBXFileReference; fileEncoding = 4; lastKnownFileType = file.xib; path = Example1ViewController.xib; sourceTree = "<group>"; };
		ED375AA81BFFCDF40080D158 /* Example1Cell1.h */ = {isa = PBXFileReference; fileEncoding = 4; lastKnownFileType = sourcecode.c.h; path = Example1Cell1.h; sourceTree = "<group>"; };
		ED375AA91BFFCDF40080D158 /* Example1Cell1.m */ = {isa = PBXFileReference; fileEncoding = 4; lastKnownFileType = sourcecode.c.objc; path = Example1Cell1.m; sourceTree = "<group>"; };
		ED375AAA1BFFCDF40080D158 /* Example1Cell1.xib */ = {isa = PBXFileReference; fileEncoding = 4; lastKnownFileType = file.xib; path = Example1Cell1.xib; sourceTree = "<group>"; };
		ED375AAD1BFFCE030080D158 /* Example1Cell2.h */ = {isa = PBXFileReference; fileEncoding = 4; lastKnownFileType = sourcecode.c.h; path = Example1Cell2.h; sourceTree = "<group>"; };
		ED375AAE1BFFCE030080D158 /* Example1Cell2.m */ = {isa = PBXFileReference; fileEncoding = 4; lastKnownFileType = sourcecode.c.objc; path = Example1Cell2.m; sourceTree = "<group>"; };
		ED375AAF1BFFCE030080D158 /* Example1Cell2.xib */ = {isa = PBXFileReference; fileEncoding = 4; lastKnownFileType = file.xib; path = Example1Cell2.xib; sourceTree = "<group>"; };
/* End PBXFileReference section */

/* Begin PBXFrameworksBuildPhase section */
		5FC732CD1BFFA0C000AA134C /* Frameworks */ = {
			isa = PBXFrameworksBuildPhase;
			buildActionMask = 2147483647;
			files = (
			);
			runOnlyForDeploymentPostprocessing = 0;
		};
		5FC732E91BFFA0C000AA134C /* Frameworks */ = {
			isa = PBXFrameworksBuildPhase;
			buildActionMask = 2147483647;
			files = (
			);
			runOnlyForDeploymentPostprocessing = 0;
		};
		5FC732F41BFFA0C000AA134C /* Frameworks */ = {
			isa = PBXFrameworksBuildPhase;
			buildActionMask = 2147483647;
			files = (
			);
			runOnlyForDeploymentPostprocessing = 0;
		};
/* End PBXFrameworksBuildPhase section */

/* Begin PBXGroup section */
		5FC732C71BFFA0C000AA134C = {
			isa = PBXGroup;
			children = (
				5FC732D21BFFA0C000AA134C /* ALTableViewFrameworkExamples */,
				5FC732EF1BFFA0C000AA134C /* ALTableViewFrameworkExamplesTests */,
				5FC732FA1BFFA0C100AA134C /* ALTableViewFrameworkExamplesUITests */,
				5FC732D11BFFA0C000AA134C /* Products */,
			);
			sourceTree = "<group>";
		};
		5FC732D11BFFA0C000AA134C /* Products */ = {
			isa = PBXGroup;
			children = (
				5FC732D01BFFA0C000AA134C /* ALTableViewFrameworkExamples.app */,
				5FC732EC1BFFA0C000AA134C /* ALTableViewFrameworkExamplesTests.xctest */,
				5FC732F71BFFA0C000AA134C /* ALTableViewFrameworkExamplesUITests.xctest */,
			);
			name = Products;
			sourceTree = "<group>";
		};
		5FC732D21BFFA0C000AA134C /* ALTableViewFrameworkExamples */ = {
			isa = PBXGroup;
			children = (
				5FFE152D1C007F730097AE97 /* ALTableViewClasses */,
				5FC732D61BFFA0C000AA134C /* AppDelegate.h */,
				5FC732D71BFFA0C000AA134C /* AppDelegate.m */,
				5FC732E21BFFA0C000AA134C /* Assets.xcassets */,
				5FC732DC1BFFA0C000AA134C /* DetailViewController.h */,
				5FC732DD1BFFA0C000AA134C /* DetailViewController.m */,
				ED375A8E1BFFC3800080D158 /* Example 1 */,
				5FFE15421C007FDA0097AE97 /* Example2 */,
				5FC732E71BFFA0C000AA134C /* Info.plist */,
				5FC732E41BFFA0C000AA134C /* LaunchScreen.storyboard */,
				5FC732DF1BFFA0C000AA134C /* Main.storyboard */,
				ED375A8F1BFFC3910080D158 /* Master */,
				5FC732D91BFFA0C000AA134C /* MasterViewController.h */,
				5FC732DA1BFFA0C000AA134C /* MasterViewController.m */,
				5FC732D31BFFA0C000AA134C /* Supporting Files */,
			);
			path = ALTableViewFrameworkExamples;
			sourceTree = "<group>";
		};
		5FC732D31BFFA0C000AA134C /* Supporting Files */ = {
			isa = PBXGroup;
			children = (
				5FC732D41BFFA0C000AA134C /* main.m */,
				ED375A8D1BFFC2170080D158 /* ExamplePrefixHeader.pch */,
			);
			name = "Supporting Files";
			sourceTree = "<group>";
		};
		5FC732EF1BFFA0C000AA134C /* ALTableViewFrameworkExamplesTests */ = {
			isa = PBXGroup;
			children = (
				5FC732F01BFFA0C000AA134C /* ALTableViewFrameworkExamplesTests.m */,
				5FC732F21BFFA0C000AA134C /* Info.plist */,
			);
			path = ALTableViewFrameworkExamplesTests;
			sourceTree = "<group>";
		};
		5FC732FA1BFFA0C100AA134C /* ALTableViewFrameworkExamplesUITests */ = {
			isa = PBXGroup;
			children = (
				5FC732FB1BFFA0C100AA134C /* ALTableViewFrameworkExamplesUITests.m */,
				5FC732FD1BFFA0C100AA134C /* Info.plist */,
			);
			path = ALTableViewFrameworkExamplesUITests;
			sourceTree = "<group>";
		};
		5FFE152D1C007F730097AE97 /* ALTableViewClasses */ = {
			isa = PBXGroup;
			children = (
				5FFE152E1C007F730097AE97 /* ALTableViewController.h */,
				5FFE152F1C007F730097AE97 /* ALTableViewController.m */,
				5FFE15301C007F730097AE97 /* ALTableViewController.xib */,
				5FFE15311C007F730097AE97 /* SectionManager */,
				5FFE15381C007F730097AE97 /* Utils */,
			);
			path = ALTableViewClasses;
			sourceTree = "<group>";
		};
		5FFE15311C007F730097AE97 /* SectionManager */ = {
			isa = PBXGroup;
			children = (
				5FFE15321C007F730097AE97 /* RowElement.h */,
				5FFE15331C007F730097AE97 /* RowElement.m */,
				5FFE15341C007F730097AE97 /* SectionElement.h */,
				5FFE15351C007F730097AE97 /* SectionElement.m */,
				5FFE15361C007F730097AE97 /* SectionManager.h */,
				5FFE15371C007F730097AE97 /* SectionManager.m */,
			);
			path = SectionManager;
			sourceTree = "<group>";
		};
		5FFE15381C007F730097AE97 /* Utils */ = {
			isa = PBXGroup;
			children = (
				5FFE15391C007F730097AE97 /* ALTableViewConstants.h */,
				5FFE153A1C007F730097AE97 /* ExtendNSLogFunctionality.h */,
				5FFE153B1C007F730097AE97 /* ExtendNSLogFunctionality.m */,
			);
			path = Utils;
			sourceTree = "<group>";
		};
		5FFE15421C007FDA0097AE97 /* Example2 */ = {
			isa = PBXGroup;
			children = (
				5FFE15431C0081030097AE97 /* Example2ViewController.h */,
				5FFE15441C0081030097AE97 /* Example2ViewController.m */,
				5FFE15451C0081030097AE97 /* Example2ViewController.xib */,
				5FFE15481C0081ED0097AE97 /* Example2Cell1.h */,
				5FFE15491C0081ED0097AE97 /* Example2Cell1.m */,
				5FFE154A1C0081ED0097AE97 /* Example2Cell1.xib */,
			);
			path = Example2;
			sourceTree = "<group>";
		};
		ED375A8E1BFFC3800080D158 /* Example 1 */ = {
			isa = PBXGroup;
			children = (
				ED375AA31BFFCD3D0080D158 /* Example1ViewController.h */,
				ED375AA41BFFCD3D0080D158 /* Example1ViewController.m */,
				ED375AA51BFFCD3D0080D158 /* Example1ViewController.xib */,
				ED375AA81BFFCDF40080D158 /* Example1Cell1.h */,
				ED375AA91BFFCDF40080D158 /* Example1Cell1.m */,
				ED375AAA1BFFCDF40080D158 /* Example1Cell1.xib */,
				ED375AAD1BFFCE030080D158 /* Example1Cell2.h */,
				ED375AAE1BFFCE030080D158 /* Example1Cell2.m */,
				ED375AAF1BFFCE030080D158 /* Example1Cell2.xib */,
			);
			path = "Example 1";
			sourceTree = "<group>";
		};
		ED375A8F1BFFC3910080D158 /* Master */ = {
			isa = PBXGroup;
			children = (
				ED375A901BFFC3B30080D158 /* MasterTableViewCell.h */,
				ED375A911BFFC3B30080D158 /* MasterTableViewCell.m */,
				ED375A921BFFC3B30080D158 /* MasterTableViewCell.xib */,
				ED375A951BFFC5050080D158 /* MasterExample1TableViewCell.h */,
				ED375A961BFFC5050080D158 /* MasterExample1TableViewCell.m */,
				ED375A981BFFC5130080D158 /* MasterExample2TableViewCell.h */,
				ED375A991BFFC5130080D158 /* MasterExample2TableViewCell.m */,
			);
			path = Master;
			sourceTree = "<group>";
		};
/* End PBXGroup section */

/* Begin PBXNativeTarget section */
		5FC732CF1BFFA0C000AA134C /* ALTableViewFrameworkExamples */ = {
			isa = PBXNativeTarget;
			buildConfigurationList = 5FC733001BFFA0C100AA134C /* Build configuration list for PBXNativeTarget "ALTableViewFrameworkExamples" */;
			buildPhases = (
				5FC732CC1BFFA0C000AA134C /* Sources */,
				5FC732CD1BFFA0C000AA134C /* Frameworks */,
				5FC732CE1BFFA0C000AA134C /* Resources */,
				5FC733451BFFAAE700AA134C /* Embed Frameworks */,
			);
			buildRules = (
			);
			dependencies = (
			);
			name = ALTableViewFrameworkExamples;
			productName = ALTableViewFrameworkExamples;
			productReference = 5FC732D01BFFA0C000AA134C /* ALTableViewFrameworkExamples.app */;
			productType = "com.apple.product-type.application";
		};
		5FC732EB1BFFA0C000AA134C /* ALTableViewFrameworkExamplesTests */ = {
			isa = PBXNativeTarget;
			buildConfigurationList = 5FC733031BFFA0C100AA134C /* Build configuration list for PBXNativeTarget "ALTableViewFrameworkExamplesTests" */;
			buildPhases = (
				5FC732E81BFFA0C000AA134C /* Sources */,
				5FC732E91BFFA0C000AA134C /* Frameworks */,
				5FC732EA1BFFA0C000AA134C /* Resources */,
			);
			buildRules = (
			);
			dependencies = (
				5FC732EE1BFFA0C000AA134C /* PBXTargetDependency */,
			);
			name = ALTableViewFrameworkExamplesTests;
			productName = ALTableViewFrameworkExamplesTests;
			productReference = 5FC732EC1BFFA0C000AA134C /* ALTableViewFrameworkExamplesTests.xctest */;
			productType = "com.apple.product-type.bundle.unit-test";
		};
		5FC732F61BFFA0C000AA134C /* ALTableViewFrameworkExamplesUITests */ = {
			isa = PBXNativeTarget;
			buildConfigurationList = 5FC733061BFFA0C100AA134C /* Build configuration list for PBXNativeTarget "ALTableViewFrameworkExamplesUITests" */;
			buildPhases = (
				5FC732F31BFFA0C000AA134C /* Sources */,
				5FC732F41BFFA0C000AA134C /* Frameworks */,
				5FC732F51BFFA0C000AA134C /* Resources */,
			);
			buildRules = (
			);
			dependencies = (
				5FC732F91BFFA0C100AA134C /* PBXTargetDependency */,
			);
			name = ALTableViewFrameworkExamplesUITests;
			productName = ALTableViewFrameworkExamplesUITests;
			productReference = 5FC732F71BFFA0C000AA134C /* ALTableViewFrameworkExamplesUITests.xctest */;
			productType = "com.apple.product-type.bundle.ui-testing";
		};
/* End PBXNativeTarget section */

/* Begin PBXProject section */
		5FC732C81BFFA0C000AA134C /* Project object */ = {
			isa = PBXProject;
			attributes = {
				LastUpgradeCheck = 0710;
				ORGANIZATIONNAME = "Abimael Barea Puyana";
				TargetAttributes = {
					5FC732CF1BFFA0C000AA134C = {
						CreatedOnToolsVersion = 7.1.1;
						DevelopmentTeam = SC48V388MQ;
					};
					5FC732EB1BFFA0C000AA134C = {
						CreatedOnToolsVersion = 7.1.1;
						DevelopmentTeam = UJTEW5KUXC;
						TestTargetID = 5FC732CF1BFFA0C000AA134C;
					};
					5FC732F61BFFA0C000AA134C = {
						CreatedOnToolsVersion = 7.1.1;
						DevelopmentTeam = UJTEW5KUXC;
						TestTargetID = 5FC732CF1BFFA0C000AA134C;
					};
				};
			};
			buildConfigurationList = 5FC732CB1BFFA0C000AA134C /* Build configuration list for PBXProject "ALTableViewFrameworkExamples" */;
			compatibilityVersion = "Xcode 3.2";
			developmentRegion = English;
			hasScannedForEncodings = 0;
			knownRegions = (
				en,
				Base,
			);
			mainGroup = 5FC732C71BFFA0C000AA134C;
			productRefGroup = 5FC732D11BFFA0C000AA134C /* Products */;
			projectDirPath = "";
			projectRoot = "";
			targets = (
				5FC732CF1BFFA0C000AA134C /* ALTableViewFrameworkExamples */,
				5FC732EB1BFFA0C000AA134C /* ALTableViewFrameworkExamplesTests */,
				5FC732F61BFFA0C000AA134C /* ALTableViewFrameworkExamplesUITests */,
			);
		};
/* End PBXProject section */

/* Begin PBXResourcesBuildPhase section */
		5FC732CE1BFFA0C000AA134C /* Resources */ = {
			isa = PBXResourcesBuildPhase;
			buildActionMask = 2147483647;
			files = (
				ED375AB11BFFCE030080D158 /* Example1Cell2.xib in Resources */,
				ED375AA71BFFCD3D0080D158 /* Example1ViewController.xib in Resources */,
				5FFE15471C0081030097AE97 /* Example2ViewController.xib in Resources */,
				5FC732E61BFFA0C000AA134C /* LaunchScreen.storyboard in Resources */,
				5FC732E31BFFA0C000AA134C /* Assets.xcassets in Resources */,
				5FFE154C1C0081ED0097AE97 /* Example2Cell1.xib in Resources */,
				ED375AAC1BFFCDF40080D158 /* Example1Cell1.xib in Resources */,
				5FC732E11BFFA0C000AA134C /* Main.storyboard in Resources */,
				5FFE153D1C007F730097AE97 /* ALTableViewController.xib in Resources */,
				ED375A941BFFC3B30080D158 /* MasterTableViewCell.xib in Resources */,
			);
			runOnlyForDeploymentPostprocessing = 0;
		};
		5FC732EA1BFFA0C000AA134C /* Resources */ = {
			isa = PBXResourcesBuildPhase;
			buildActionMask = 2147483647;
			files = (
			);
			runOnlyForDeploymentPostprocessing = 0;
		};
		5FC732F51BFFA0C000AA134C /* Resources */ = {
			isa = PBXResourcesBuildPhase;
			buildActionMask = 2147483647;
			files = (
			);
			runOnlyForDeploymentPostprocessing = 0;
		};
/* End PBXResourcesBuildPhase section */

/* Begin PBXSourcesBuildPhase section */
		5FC732CC1BFFA0C000AA134C /* Sources */ = {
			isa = PBXSourcesBuildPhase;
			buildActionMask = 2147483647;
			files = (
				5FC732D81BFFA0C000AA134C /* AppDelegate.m in Sources */,
				5FFE153E1C007F730097AE97 /* RowElement.m in Sources */,
				5FC732DB1BFFA0C000AA134C /* MasterViewController.m in Sources */,
				5FFE15461C0081030097AE97 /* Example2ViewController.m in Sources */,
				ED375A931BFFC3B30080D158 /* MasterTableViewCell.m in Sources */,
				ED375A9A1BFFC5130080D158 /* MasterExample2TableViewCell.m in Sources */,
				5FFE15411C007F730097AE97 /* ExtendNSLogFunctionality.m in Sources */,
				ED375A971BFFC5050080D158 /* MasterExample1TableViewCell.m in Sources */,
				ED375AA61BFFCD3D0080D158 /* Example1ViewController.m in Sources */,
				5FFE15401C007F730097AE97 /* SectionManager.m in Sources */,
				ED375AAB1BFFCDF40080D158 /* Example1Cell1.m in Sources */,
				5FFE153C1C007F730097AE97 /* ALTableViewController.m in Sources */,
				5FC732D51BFFA0C000AA134C /* main.m in Sources */,
				ED375AB01BFFCE030080D158 /* Example1Cell2.m in Sources */,
				5FFE153F1C007F730097AE97 /* SectionElement.m in Sources */,
				5FC732DE1BFFA0C000AA134C /* DetailViewController.m in Sources */,
				5FFE154B1C0081ED0097AE97 /* Example2Cell1.m in Sources */,
			);
			runOnlyForDeploymentPostprocessing = 0;
		};
		5FC732E81BFFA0C000AA134C /* Sources */ = {
			isa = PBXSourcesBuildPhase;
			buildActionMask = 2147483647;
			files = (
				5FC732F11BFFA0C000AA134C /* ALTableViewFrameworkExamplesTests.m in Sources */,
			);
			runOnlyForDeploymentPostprocessing = 0;
		};
		5FC732F31BFFA0C000AA134C /* Sources */ = {
			isa = PBXSourcesBuildPhase;
			buildActionMask = 2147483647;
			files = (
				5FC732FC1BFFA0C100AA134C /* ALTableViewFrameworkExamplesUITests.m in Sources */,
			);
			runOnlyForDeploymentPostprocessing = 0;
		};
/* End PBXSourcesBuildPhase section */

/* Begin PBXTargetDependency section */
		5FC732EE1BFFA0C000AA134C /* PBXTargetDependency */ = {
			isa = PBXTargetDependency;
			target = 5FC732CF1BFFA0C000AA134C /* ALTableViewFrameworkExamples */;
			targetProxy = 5FC732ED1BFFA0C000AA134C /* PBXContainerItemProxy */;
		};
		5FC732F91BFFA0C100AA134C /* PBXTargetDependency */ = {
			isa = PBXTargetDependency;
			target = 5FC732CF1BFFA0C000AA134C /* ALTableViewFrameworkExamples */;
			targetProxy = 5FC732F81BFFA0C100AA134C /* PBXContainerItemProxy */;
		};
/* End PBXTargetDependency section */

/* Begin PBXVariantGroup section */
		5FC732DF1BFFA0C000AA134C /* Main.storyboard */ = {
			isa = PBXVariantGroup;
			children = (
				5FC732E01BFFA0C000AA134C /* Base */,
			);
			name = Main.storyboard;
			sourceTree = "<group>";
		};
		5FC732E41BFFA0C000AA134C /* LaunchScreen.storyboard */ = {
			isa = PBXVariantGroup;
			children = (
				5FC732E51BFFA0C000AA134C /* Base */,
			);
			name = LaunchScreen.storyboard;
			sourceTree = "<group>";
		};
/* End PBXVariantGroup section */

/* Begin XCBuildConfiguration section */
		5FC732FE1BFFA0C100AA134C /* Debug */ = {
			isa = XCBuildConfiguration;
			buildSettings = {
				ALWAYS_SEARCH_USER_PATHS = NO;
				CLANG_CXX_LANGUAGE_STANDARD = "gnu++0x";
				CLANG_CXX_LIBRARY = "libc++";
				CLANG_ENABLE_MODULES = YES;
				CLANG_ENABLE_OBJC_ARC = YES;
				CLANG_WARN_BOOL_CONVERSION = YES;
				CLANG_WARN_CONSTANT_CONVERSION = YES;
				CLANG_WARN_DIRECT_OBJC_ISA_USAGE = YES_ERROR;
				CLANG_WARN_EMPTY_BODY = YES;
				CLANG_WARN_ENUM_CONVERSION = YES;
				CLANG_WARN_INT_CONVERSION = YES;
				CLANG_WARN_OBJC_ROOT_CLASS = YES_ERROR;
				CLANG_WARN_UNREACHABLE_CODE = YES;
				CLANG_WARN__DUPLICATE_METHOD_MATCH = YES;
				"CODE_SIGN_IDENTITY[sdk=iphoneos*]" = "iPhone Developer";
				COPY_PHASE_STRIP = NO;
				DEBUG_INFORMATION_FORMAT = dwarf;
				ENABLE_STRICT_OBJC_MSGSEND = YES;
				ENABLE_TESTABILITY = YES;
				GCC_C_LANGUAGE_STANDARD = gnu99;
				GCC_DYNAMIC_NO_PIC = NO;
				GCC_NO_COMMON_BLOCKS = YES;
				GCC_OPTIMIZATION_LEVEL = 0;
				GCC_PREPROCESSOR_DEFINITIONS = (
					"DEBUG=1",
					"$(inherited)",
				);
				GCC_WARN_64_TO_32_BIT_CONVERSION = YES;
				GCC_WARN_ABOUT_RETURN_TYPE = YES_ERROR;
				GCC_WARN_UNDECLARED_SELECTOR = YES;
				GCC_WARN_UNINITIALIZED_AUTOS = YES_AGGRESSIVE;
				GCC_WARN_UNUSED_FUNCTION = YES;
				GCC_WARN_UNUSED_VARIABLE = YES;
				IPHONEOS_DEPLOYMENT_TARGET = 9.1;
				MTL_ENABLE_DEBUG_INFO = YES;
				ONLY_ACTIVE_ARCH = YES;
				SDKROOT = iphoneos;
				TARGETED_DEVICE_FAMILY = "1,2";
			};
			name = Debug;
		};
		5FC732FF1BFFA0C100AA134C /* Release */ = {
			isa = XCBuildConfiguration;
			buildSettings = {
				ALWAYS_SEARCH_USER_PATHS = NO;
				CLANG_CXX_LANGUAGE_STANDARD = "gnu++0x";
				CLANG_CXX_LIBRARY = "libc++";
				CLANG_ENABLE_MODULES = YES;
				CLANG_ENABLE_OBJC_ARC = YES;
				CLANG_WARN_BOOL_CONVERSION = YES;
				CLANG_WARN_CONSTANT_CONVERSION = YES;
				CLANG_WARN_DIRECT_OBJC_ISA_USAGE = YES_ERROR;
				CLANG_WARN_EMPTY_BODY = YES;
				CLANG_WARN_ENUM_CONVERSION = YES;
				CLANG_WARN_INT_CONVERSION = YES;
				CLANG_WARN_OBJC_ROOT_CLASS = YES_ERROR;
				CLANG_WARN_UNREACHABLE_CODE = YES;
				CLANG_WARN__DUPLICATE_METHOD_MATCH = YES;
				"CODE_SIGN_IDENTITY[sdk=iphoneos*]" = "iPhone Developer";
				COPY_PHASE_STRIP = NO;
				DEBUG_INFORMATION_FORMAT = "dwarf-with-dsym";
				ENABLE_NS_ASSERTIONS = NO;
				ENABLE_STRICT_OBJC_MSGSEND = YES;
				GCC_C_LANGUAGE_STANDARD = gnu99;
				GCC_NO_COMMON_BLOCKS = YES;
				GCC_WARN_64_TO_32_BIT_CONVERSION = YES;
				GCC_WARN_ABOUT_RETURN_TYPE = YES_ERROR;
				GCC_WARN_UNDECLARED_SELECTOR = YES;
				GCC_WARN_UNINITIALIZED_AUTOS = YES_AGGRESSIVE;
				GCC_WARN_UNUSED_FUNCTION = YES;
				GCC_WARN_UNUSED_VARIABLE = YES;
				IPHONEOS_DEPLOYMENT_TARGET = 9.1;
				MTL_ENABLE_DEBUG_INFO = NO;
				SDKROOT = iphoneos;
				TARGETED_DEVICE_FAMILY = "1,2";
				VALIDATE_PRODUCT = YES;
			};
			name = Release;
		};
		5FC733011BFFA0C100AA134C /* Debug */ = {
			isa = XCBuildConfiguration;
			buildSettings = {
				ASSETCATALOG_COMPILER_APPICON_NAME = AppIcon;
				CODE_SIGN_IDENTITY = "iPhone Developer";
				"CODE_SIGN_IDENTITY[sdk=iphoneos*]" = "iPhone Developer";
				FRAMEWORK_SEARCH_PATHS = (
					"$(inherited)",
					"$(PROJECT_DIR)/ALTableViewFrameworkExamples",
					"$(PROJECT_DIR)",
				);
				GCC_PRECOMPILE_PREFIX_HEADER = YES;
				GCC_PREFIX_HEADER = "$(SRCROOT)/ALTableViewFrameworkExamples/ExamplePrefixHeader.pch";
				INFOPLIST_FILE = ALTableViewFrameworkExamples/Info.plist;
				LD_RUNPATH_SEARCH_PATHS = "$(inherited) @executable_path/Frameworks";
				PRODUCT_BUNDLE_IDENTIFIER = es.AL.ALTableViewFrameworkExamples2;
				PRODUCT_NAME = "$(TARGET_NAME)";
				PROVISIONING_PROFILE = "";
			};
			name = Debug;
		};
		5FC733021BFFA0C100AA134C /* Release */ = {
			isa = XCBuildConfiguration;
			buildSettings = {
				ASSETCATALOG_COMPILER_APPICON_NAME = AppIcon;
				CODE_SIGN_IDENTITY = "iPhone Developer";
				"CODE_SIGN_IDENTITY[sdk=iphoneos*]" = "iPhone Developer";
				FRAMEWORK_SEARCH_PATHS = (
					"$(inherited)",
					"$(PROJECT_DIR)/ALTableViewFrameworkExamples",
					"$(PROJECT_DIR)",
				);
				GCC_PRECOMPILE_PREFIX_HEADER = YES;
				GCC_PREFIX_HEADER = "$(SRCROOT)/ALTableViewFrameworkExamples/ExamplePrefixHeader.pch";
				INFOPLIST_FILE = ALTableViewFrameworkExamples/Info.plist;
				LD_RUNPATH_SEARCH_PATHS = "$(inherited) @executable_path/Frameworks";
				PRODUCT_BUNDLE_IDENTIFIER = es.AL.ALTableViewFrameworkExamples2;
				PRODUCT_NAME = "$(TARGET_NAME)";
				PROVISIONING_PROFILE = "";
			};
			name = Release;
		};
		5FC733041BFFA0C100AA134C /* Debug */ = {
			isa = XCBuildConfiguration;
			buildSettings = {
				BUNDLE_LOADER = "$(TEST_HOST)";
				INFOPLIST_FILE = ALTableViewFrameworkExamplesTests/Info.plist;
				LD_RUNPATH_SEARCH_PATHS = "$(inherited) @executable_path/Frameworks @loader_path/Frameworks";
				PRODUCT_BUNDLE_IDENTIFIER = es.AL.ALTableViewFrameworkExamplesTests;
				PRODUCT_NAME = "$(TARGET_NAME)";
				TEST_HOST = "$(BUILT_PRODUCTS_DIR)/ALTableViewFrameworkExamples.app/ALTableViewFrameworkExamples";
			};
			name = Debug;
		};
		5FC733051BFFA0C100AA134C /* Release */ = {
			isa = XCBuildConfiguration;
			buildSettings = {
				BUNDLE_LOADER = "$(TEST_HOST)";
				INFOPLIST_FILE = ALTableViewFrameworkExamplesTests/Info.plist;
				LD_RUNPATH_SEARCH_PATHS = "$(inherited) @executable_path/Frameworks @loader_path/Frameworks";
				PRODUCT_BUNDLE_IDENTIFIER = es.AL.ALTableViewFrameworkExamplesTests;
				PRODUCT_NAME = "$(TARGET_NAME)";
				TEST_HOST = "$(BUILT_PRODUCTS_DIR)/ALTableViewFrameworkExamples.app/ALTableViewFrameworkExamples";
			};
			name = Release;
		};
		5FC733071BFFA0C100AA134C /* Debug */ = {
			isa = XCBuildConfiguration;
			buildSettings = {
				INFOPLIST_FILE = ALTableViewFrameworkExamplesUITests/Info.plist;
				LD_RUNPATH_SEARCH_PATHS = "$(inherited) @executable_path/Frameworks @loader_path/Frameworks";
				PRODUCT_BUNDLE_IDENTIFIER = es.AL.ALTableViewFrameworkExamplesUITests;
				PRODUCT_NAME = "$(TARGET_NAME)";
				TEST_TARGET_NAME = ALTableViewFrameworkExamples;
				USES_XCTRUNNER = YES;
			};
			name = Debug;
		};
		5FC733081BFFA0C100AA134C /* Release */ = {
			isa = XCBuildConfiguration;
			buildSettings = {
				INFOPLIST_FILE = ALTableViewFrameworkExamplesUITests/Info.plist;
				LD_RUNPATH_SEARCH_PATHS = "$(inherited) @executable_path/Frameworks @loader_path/Frameworks";
				PRODUCT_BUNDLE_IDENTIFIER = es.AL.ALTableViewFrameworkExamplesUITests;
				PRODUCT_NAME = "$(TARGET_NAME)";
				TEST_TARGET_NAME = ALTableViewFrameworkExamples;
				USES_XCTRUNNER = YES;
			};
			name = Release;
		};
/* End XCBuildConfiguration section */

/* Begin XCConfigurationList section */
		5FC732CB1BFFA0C000AA134C /* Build configuration list for PBXProject "ALTableViewFrameworkExamples" */ = {
			isa = XCConfigurationList;
			buildConfigurations = (
				5FC732FE1BFFA0C100AA134C /* Debug */,
				5FC732FF1BFFA0C100AA134C /* Release */,
			);
			defaultConfigurationIsVisible = 0;
			defaultConfigurationName = Release;
		};
		5FC733001BFFA0C100AA134C /* Build configuration list for PBXNativeTarget "ALTableViewFrameworkExamples" */ = {
			isa = XCConfigurationList;
			buildConfigurations = (
				5FC733011BFFA0C100AA134C /* Debug */,
				5FC733021BFFA0C100AA134C /* Release */,
			);
			defaultConfigurationIsVisible = 0;
			defaultConfigurationName = Release;
		};
		5FC733031BFFA0C100AA134C /* Build configuration list for PBXNativeTarget "ALTableViewFrameworkExamplesTests" */ = {
			isa = XCConfigurationList;
			buildConfigurations = (
				5FC733041BFFA0C100AA134C /* Debug */,
				5FC733051BFFA0C100AA134C /* Release */,
			);
			defaultConfigurationIsVisible = 0;
			defaultConfigurationName = Release;
		};
		5FC733061BFFA0C100AA134C /* Build configuration list for PBXNativeTarget "ALTableViewFrameworkExamplesUITests" */ = {
			isa = XCConfigurationList;
			buildConfigurations = (
				5FC733071BFFA0C100AA134C /* Debug */,
				5FC733081BFFA0C100AA134C /* Release */,
			);
			defaultConfigurationIsVisible = 0;
			defaultConfigurationName = Release;
		};
/* End XCConfigurationList section */
	};
	rootObject = 5FC732C81BFFA0C000AA134C /* Project object */;
}
